
Microsoft Visual Studio Solution File, Format Version 12.00
# Visual Studio Version 16
VisualStudioVersion = 16.0.30717.126
MinimumVisualStudioVersion = 10.0.40219.1
Project("{FAE04EC0-301F-11D3-BF4B-00C04F79EFBC}") = "01_MusicStore", "01_MusicStore\01_MusicStore.csproj", "{419E8F43-2B79-4C19-8C35-37D022167F77}"
EndProject
Global
	GlobalSection(SolutionConfigurationPlatforms) = preSolution
		Debug|Any CPU = Debug|Any CPU
		Release|Any CPU = Release|Any CPU
	EndGlobalSection
	GlobalSection(ProjectConfigurationPlatforms) = postSolution
		{419E8F43-2B79-4C19-8C35-37D022167F77}.Debug|Any CPU.ActiveCfg = Debug|Any CPU
		{419E8F43-2B79-4C19-8C35-37D022167F77}.Debug|Any CPU.Build.0 = Debug|Any CPU
		{419E8F43-2B79-4C19-8C35-37D022167F77}.Release|Any CPU.ActiveCfg = Release|Any CPU
		{419E8F43-2B79-4C19-8C35-37D022167F77}.Release|Any CPU.Build.0 = Release|Any CPU
	EndGlobalSection
	GlobalSection(SolutionProperties) = preSolution
		HideSolutionNode = FALSE
	EndGlobalSection
	GlobalSection(ExtensibilityGlobals) = postSolution
		SolutionGuid = {016BD517-C3A5-43FA-91C1-F044A4B9414B}
	EndGlobalSection
EndGlobal
