
Microsoft Visual Studio Solution File, Format Version 12.00
# Visual Studio Version 16
VisualStudioVersion = 16.0.30717.126
MinimumVisualStudioVersion = 10.0.40219.1
Project("{FAE04EC0-301F-11D3-BF4B-00C04F79EFBC}") = "FilmStore", "FilmStore\FilmStore.csproj", "{910825F0-45CD-45B6-B2B3-13938DFA9FF5}"
EndProject
Global
	GlobalSection(SolutionConfigurationPlatforms) = preSolution
		Debug|Any CPU = Debug|Any CPU
		Release|Any CPU = Release|Any CPU
	EndGlobalSection
	GlobalSection(ProjectConfigurationPlatforms) = postSolution
		{910825F0-45CD-45B6-B2B3-13938DFA9FF5}.Debug|Any CPU.ActiveCfg = Debug|Any CPU
		{910825F0-45CD-45B6-B2B3-13938DFA9FF5}.Debug|Any CPU.Build.0 = Debug|Any CPU
		{910825F0-45CD-45B6-B2B3-13938DFA9FF5}.Release|Any CPU.ActiveCfg = Release|Any CPU
		{910825F0-45CD-45B6-B2B3-13938DFA9FF5}.Release|Any CPU.Build.0 = Release|Any CPU
	EndGlobalSection
	GlobalSection(SolutionProperties) = preSolution
		HideSolutionNode = FALSE
	EndGlobalSection
	GlobalSection(ExtensibilityGlobals) = postSolution
		SolutionGuid = {536A2ED1-41AC-4C27-8782-1248655F9CE5}
	EndGlobalSection
EndGlobal
