
Microsoft Visual Studio Solution File, Format Version 12.00
# Visual Studio Version 16
VisualStudioVersion = 16.0.30717.126
MinimumVisualStudioVersion = 10.0.40219.1
Project("{FAE04EC0-301F-11D3-BF4B-00C04F79EFBC}") = "python_test", "python_test\python_test.csproj", "{7F92442E-FBA5-49F6-BC25-1E2F8E181CF4}"
EndProject
Global
	GlobalSection(SolutionConfigurationPlatforms) = preSolution
		Debug|Any CPU = Debug|Any CPU
		Release|Any CPU = Release|Any CPU
	EndGlobalSection
	GlobalSection(ProjectConfigurationPlatforms) = postSolution
		{7F92442E-FBA5-49F6-BC25-1E2F8E181CF4}.Debug|Any CPU.ActiveCfg = Debug|Any CPU
		{7F92442E-FBA5-49F6-BC25-1E2F8E181CF4}.Debug|Any CPU.Build.0 = Debug|Any CPU
		{7F92442E-FBA5-49F6-BC25-1E2F8E181CF4}.Release|Any CPU.ActiveCfg = Release|Any CPU
		{7F92442E-FBA5-49F6-BC25-1E2F8E181CF4}.Release|Any CPU.Build.0 = Release|Any CPU
	EndGlobalSection
	GlobalSection(SolutionProperties) = preSolution
		HideSolutionNode = FALSE
	EndGlobalSection
	GlobalSection(ExtensibilityGlobals) = postSolution
		SolutionGuid = {7C328806-774C-4808-8CB7-10577FEEDA5D}
	EndGlobalSection
EndGlobal
